{
  "name": "ripchord-presets",
  "version": "1.0.0",
  "lockfileVersion": 2,
  "requires": true,
  "packages": {
    "": {
      "name": "ripchord-presets",
      "version": "1.0.0",
      "license": "ISC",
      "dependencies": {
        "commander": "^12.1.0",
        "midi-parser-js": "^4.0.4",
        "tonal": "^6.0.1",
        "xmlbuilder2": "^3.1.1"
      }
    },
    "node_modules/@oozcitak/dom": {
      "version": "1.15.10",
      "resolved": "https://registry.npmjs.org/@oozcitak/dom/-/dom-1.15.10.tgz",
      "integrity": "sha512-0JT29/LaxVgRcGKvHmSrUTEvZ8BXvZhGl2LASRUgHqDTC1M5g1pLmVv56IYNyt3bG2CUjDkc67wnyZC14pbQrQ==",
      "dependencies": {
        "@oozcitak/infra": "1.0.8",
        "@oozcitak/url": "1.0.4",
        "@oozcitak/util": "8.3.8"
      },
      "engines": {
        "node": ">=8.0"
      }
    },
    "node_modules/@oozcitak/infra": {
      "version": "1.0.8",
      "resolved": "https://registry.npmjs.org/@oozcitak/infra/-/infra-1.0.8.tgz",
      "integrity": "sha512-JRAUc9VR6IGHOL7OGF+yrvs0LO8SlqGnPAMqyzOuFZPSZSXI7Xf2O9+awQPSMXgIWGtgUf/dA6Hs6X6ySEaWTg==",
      "dependencies": {
        "@oozcitak/util": "8.3.8"
      },
      "engines": {
        "node": ">=6.0"
      }
    },
    "node_modules/@oozcitak/url": {
      "version": "1.0.4",
      "resolved": "https://registry.npmjs.org/@oozcitak/url/-/url-1.0.4.tgz",
      "integrity": "sha512-kDcD8y+y3FCSOvnBI6HJgl00viO/nGbQoCINmQ0h98OhnGITrWR3bOGfwYCthgcrV8AnTJz8MzslTQbC3SOAmw==",
      "dependencies": {
        "@oozcitak/infra": "1.0.8",
        "@oozcitak/util": "8.3.8"
      },
      "engines": {
        "node": ">=8.0"
      }
    },
    "node_modules/@oozcitak/util": {
      "version": "8.3.8",
      "resolved": "https://registry.npmjs.org/@oozcitak/util/-/util-8.3.8.tgz",
      "integrity": "sha512-T8TbSnGsxo6TDBJx/Sgv/BlVJL3tshxZP7Aq5R1mSnM5OcHY2dQaxLMu2+E8u3gN0MLOzdjurqN4ZRVuzQycOQ==",
      "engines": {
        "node": ">=8.0"
      }
    },
    "node_modules/@tonaljs/abc-notation": {
      "version": "4.8.3",
      "resolved": "https://registry.npmjs.org/@tonaljs/abc-notation/-/abc-notation-4.8.3.tgz",
      "integrity": "sha512-ZN+wrlDdiFOLgbGcXiCcCd/ek8P42t7EMgjTA5yVTU8+WwtMSDPmZyNMvfETEVZoWvCOAOW9UVXemP9oFV9OxA==",
      "dependencies": {
        "@tonaljs/pitch-distance": "5.0.3",
        "@tonaljs/pitch-note": "6.0.0"
      }
    },
    "node_modules/@tonaljs/array": {
      "version": "4.8.3",
      "resolved": "https://registry.npmjs.org/@tonaljs/array/-/array-4.8.3.tgz",
      "integrity": "sha512-TeX5vqk61EhlRAIo70d0hKt3a0FEcROsu9ETtTclXl+qaQ1QtEEs0M+B46IZ+sQo5T3s8vtz5z1yCiK26HPr5A==",
      "dependencies": {
        "@tonaljs/pitch-note": "6.0.0"
      }
    },
    "node_modules/@tonaljs/chord": {
      "version": "6.0.0",
      "resolved": "https://registry.npmjs.org/@tonaljs/chord/-/chord-6.0.0.tgz",
      "integrity": "sha512-lWTSynCzPO5rV6CQUoM7b5DqmO0VYq3hEwSwo5d+tEdocYwUvfDbPl1JHq2un9f+5nEnNRkb8AfRsbi9wyVsIg==",
      "dependencies": {
        "@tonaljs/chord-detect": "4.8.5",
        "@tonaljs/chord-type": "5.0.5",
        "@tonaljs/collection": "4.8.1",
        "@tonaljs/interval": "^5.0.0",
        "@tonaljs/pcset": "4.9.2",
        "@tonaljs/pitch-distance": "5.0.3",
        "@tonaljs/pitch-note": "6.0.0",
        "@tonaljs/scale-type": "4.8.5"
      }
    },
    "node_modules/@tonaljs/chord-detect": {
      "version": "4.8.5",
      "resolved": "https://registry.npmjs.org/@tonaljs/chord-detect/-/chord-detect-4.8.5.tgz",
      "integrity": "sha512-sH4WBP9wk70YcFAcb02vd6C5odRXj+aoIgf6WaHHFmp/8AH5aK+Vr3uLVavw7u/1mf0B4XK5hGdGEUuQynGTrw==",
      "dependencies": {
        "@tonaljs/chord-type": "5.0.5",
        "@tonaljs/core": "5.0.0",
        "@tonaljs/pcset": "4.9.2"
      }
    },
    "node_modules/@tonaljs/chord-type": {
      "version": "5.0.5",
      "resolved": "https://registry.npmjs.org/@tonaljs/chord-type/-/chord-type-5.0.5.tgz",
      "integrity": "sha512-Rne/7YwXgPAQSt8DM6/yb61Hfp8stQR4SrhbePjzB/oVwVIzUL+uxH29uwd/KxDkIEITaHXS3v5ntRcVXCQYnA==",
      "dependencies": {
        "@tonaljs/core": "5.0.0",
        "@tonaljs/pcset": "4.9.2"
      }
    },
    "node_modules/@tonaljs/collection": {
      "version": "4.8.1",
      "resolved": "https://registry.npmjs.org/@tonaljs/collection/-/collection-4.8.1.tgz",
      "integrity": "sha512-2TaiK9QEjOCkV7jW2B9uo5FPetNoiS9//nNPWXOWjB/E9KGd2SV1THEuxLx1Ew3uXUQpezup5adNljbZtOHbrA=="
    },
    "node_modules/@tonaljs/core": {
      "version": "5.0.0",
      "resolved": "https://registry.npmjs.org/@tonaljs/core/-/core-5.0.0.tgz",
      "integrity": "sha512-vifjXX+xKidK+q1xGgcfGX79HtIMydXp1NrdGG5VshYHC3TRpVNti4HJDb/6qOjokQp9as/iOCyaAmcWIq0ZUA==",
      "dependencies": {
        "@tonaljs/pitch": "5.0.2",
        "@tonaljs/pitch-distance": "5.0.3",
        "@tonaljs/pitch-interval": "6.0.0",
        "@tonaljs/pitch-note": "6.0.0"
      }
    },
    "node_modules/@tonaljs/duration-value": {
      "version": "4.8.1",
      "resolved": "https://registry.npmjs.org/@tonaljs/duration-value/-/duration-value-4.8.1.tgz",
      "integrity": "sha512-/jP8Q+z2h+2+IBeTsyF9KWedqu8Jffhvp17/H6pxUJ7b1U+HNdn5G7KfXbblEqhykYSKTSKK/m+86M7j4RnAgw=="
    },
    "node_modules/@tonaljs/interval": {
      "version": "5.0.0",
      "resolved": "https://registry.npmjs.org/@tonaljs/interval/-/interval-5.0.0.tgz",
      "integrity": "sha512-WXmi0TdijggCzREc2B0RN3ZtgUQhu8E7DXVqL/lVLAZA8zaVfsFAv4k1NdXr7bkmcCM4yzhXeGzBo8L2QJR1SA==",
      "dependencies": {
        "@tonaljs/pitch": "^5.0.2",
        "@tonaljs/pitch-distance": "^5.0.3",
        "@tonaljs/pitch-interval": "^6.0.0"
      }
    },
    "node_modules/@tonaljs/key": {
      "version": "4.9.4",
      "resolved": "https://registry.npmjs.org/@tonaljs/key/-/key-4.9.4.tgz",
      "integrity": "sha512-oq+C8AAmHJdkWs2Txq3ZR5koIeKYSNwQwR3G+Y1Bd+XbXvd/d9d7xJmzxUWY8fnFnvOve8FNShCvoWfnF62HtQ==",
      "dependencies": {
        "@tonaljs/core": "5.0.0",
        "@tonaljs/note": "4.10.3",
        "@tonaljs/roman-numeral": "4.8.3"
      }
    },
    "node_modules/@tonaljs/midi": {
      "version": "4.9.3",
      "resolved": "https://registry.npmjs.org/@tonaljs/midi/-/midi-4.9.3.tgz",
      "integrity": "sha512-sz6XrX6qoYSW3yDpR0K5JhYpsvlzrIJYFfRiOdf4kmnTPAewYyg7f8nLRMl502lBNCt80Bktx4mDHXaL6tWVKw==",
      "dependencies": {
        "@tonaljs/core": "5.0.0"
      }
    },
    "node_modules/@tonaljs/mode": {
      "version": "4.8.4",
      "resolved": "https://registry.npmjs.org/@tonaljs/mode/-/mode-4.8.4.tgz",
      "integrity": "sha512-6416B8YgWj6hgWgHPsSvizCMoyWg66C/TlviSexQNnYjQHAlp0rAOcLTL3IskVrFNTgNMlNP1vcj+s1kt18LuQ==",
      "dependencies": {
        "@tonaljs/collection": "4.8.1",
        "@tonaljs/core": "5.0.0",
        "@tonaljs/interval": "5.0.0",
        "@tonaljs/pcset": "4.9.2",
        "@tonaljs/scale-type": "4.8.5"
      }
    },
    "node_modules/@tonaljs/note": {
      "version": "4.10.3",
      "resolved": "https://registry.npmjs.org/@tonaljs/note/-/note-4.10.3.tgz",
      "integrity": "sha512-GvNILH91kkBV9ISAHK75gFkI8Jr0mvKRkO/wU1OhUAapnOrNzFS+EqxusKGc2Lz2MLIbVFRIBqWdyhxIwgpSCg==",
      "dependencies": {
        "@tonaljs/core": "5.0.0",
        "@tonaljs/midi": "4.9.3"
      }
    },
    "node_modules/@tonaljs/pcset": {
      "version": "4.9.2",
      "resolved": "https://registry.npmjs.org/@tonaljs/pcset/-/pcset-4.9.2.tgz",
      "integrity": "sha512-s8enXa/nsFkJkz96VjcFu+fapEr69ENhr3yoHykPsU+0MlZ9aMWXilE97Ek3eHAX9gT55+mElEU7qGWkwdaU9w==",
      "dependencies": {
        "@tonaljs/collection": "4.8.1",
        "@tonaljs/core": "5.0.0"
      }
    },
    "node_modules/@tonaljs/pitch": {
      "version": "5.0.2",
      "resolved": "https://registry.npmjs.org/@tonaljs/pitch/-/pitch-5.0.2.tgz",
      "integrity": "sha512-mxaXJPPe+LIJdjzpZEl8I8Wx3dEvlzkBbsr2Ltwc2dTAdnErAZ5R0TxVq2egF27lMvQN2QPQPWI9iDPPdVUmrg=="
    },
    "node_modules/@tonaljs/pitch-distance": {
      "version": "5.0.3",
      "resolved": "https://registry.npmjs.org/@tonaljs/pitch-distance/-/pitch-distance-5.0.3.tgz",
      "integrity": "sha512-3sgU93gfNsMX1wAYXraYJyIJMIViXZRE1Fh/OXwbUi6lEX/iLRmFVSz37ObnaRaOz0pVm+uUhvW2iKy8QtOWpw==",
      "dependencies": {
        "@tonaljs/pitch": "5.0.2",
        "@tonaljs/pitch-interval": "6.0.0",
        "@tonaljs/pitch-note": "6.0.0"
      }
    },
    "node_modules/@tonaljs/pitch-interval": {
      "version": "6.0.0",
      "resolved": "https://registry.npmjs.org/@tonaljs/pitch-interval/-/pitch-interval-6.0.0.tgz",
      "integrity": "sha512-0iaFWbgshYWjfmdxzF8jNmTqsNK2krwn+FqDRZb8vEsfaSNC8Jek0f5wYcE2to+7f0P5jJlJnj8CUGvlfKIT5A==",
      "dependencies": {
        "@tonaljs/pitch": "5.0.2"
      }
    },
    "node_modules/@tonaljs/pitch-note": {
      "version": "6.0.0",
      "resolved": "https://registry.npmjs.org/@tonaljs/pitch-note/-/pitch-note-6.0.0.tgz",
      "integrity": "sha512-m4Ei7zwSsKwotVfnodA7m1SR7zD5NNIea+V7Mo35EcK32ZJBg+SvxdwgfNNdLO8bkDbVrZIgVYqeP3R3Jq7VFQ==",
      "dependencies": {
        "@tonaljs/pitch": "5.0.2"
      }
    },
    "node_modules/@tonaljs/progression": {
      "version": "4.8.4",
      "resolved": "https://registry.npmjs.org/@tonaljs/progression/-/progression-4.8.4.tgz",
      "integrity": "sha512-cybCQ3szoozZW5v8jydRxdmDCGiZ2sE8qEnqbNz7+RY7WtZCXbK8MAFjPq2M5NGxIwnw94sbM7RV7d6f5W7+nA==",
      "dependencies": {
        "@tonaljs/chord": "6.0.0",
        "@tonaljs/core": "5.0.0",
        "@tonaljs/roman-numeral": "4.8.3"
      }
    },
    "node_modules/@tonaljs/range": {
      "version": "4.8.4",
      "resolved": "https://registry.npmjs.org/@tonaljs/range/-/range-4.8.4.tgz",
      "integrity": "sha512-ASB+i34Z5cXnBntaZOlmgZTfiLdKpMjSCL0ohE4ebZBTbTkuZWMKUucMxe2xpNKNBByPKVmeocv/Wpr8GNzU1Q==",
      "dependencies": {
        "@tonaljs/collection": "4.8.1",
        "@tonaljs/midi": "4.9.3"
      }
    },
    "node_modules/@tonaljs/roman-numeral": {
      "version": "4.8.3",
      "resolved": "https://registry.npmjs.org/@tonaljs/roman-numeral/-/roman-numeral-4.8.3.tgz",
      "integrity": "sha512-U3LnDSVSngWiHEECPAWCvOlqZC0vt8IL/IoXSKXpt9YfW9NYRUlejoQack1NM9M80P8fCBnJQ7Uz3x8mC1eRow==",
      "dependencies": {
        "@tonaljs/core": "5.0.0"
      }
    },
    "node_modules/@tonaljs/scale": {
      "version": "4.12.6",
      "resolved": "https://registry.npmjs.org/@tonaljs/scale/-/scale-4.12.6.tgz",
      "integrity": "sha512-nWDGNfx+rJuF+FFXbvWvtv7vApHpAlLkpke8C7TTM4lEw+fQXdi0cQaNQDS0QmIReeGSThe9CMxRL8+niabFKQ==",
      "dependencies": {
        "@tonaljs/chord-type": "5.0.5",
        "@tonaljs/collection": "4.8.1",
        "@tonaljs/core": "5.0.0",
        "@tonaljs/note": "4.10.3",
        "@tonaljs/pcset": "4.9.2",
        "@tonaljs/scale-type": "4.8.5"
      }
    },
    "node_modules/@tonaljs/scale-type": {
      "version": "4.8.5",
      "resolved": "https://registry.npmjs.org/@tonaljs/scale-type/-/scale-type-4.8.5.tgz",
      "integrity": "sha512-3DCo/r3QEalIDG7dSBgRFD90Tm22qXSHuz5pyDUMNZpQuodzxz1BvsXSkC3CMGchX4eoaSjtArfKIrz0oEJUhw==",
      "dependencies": {
        "@tonaljs/core": "5.0.0",
        "@tonaljs/pcset": "4.9.2"
      }
    },
    "node_modules/@tonaljs/time-signature": {
      "version": "4.8.1",
      "resolved": "https://registry.npmjs.org/@tonaljs/time-signature/-/time-signature-4.8.1.tgz",
      "integrity": "sha512-P3h2S1M006LpmPkwuAVS/pP02Hns6pSzKP2ghyit4Lszj4ppwNwcyJ1hgT/TVkiwMbUVbNltTKDraonG+2Xe/g=="
    },
    "node_modules/@tonaljs/voice-leading": {
      "version": "5.0.3",
      "resolved": "https://registry.npmjs.org/@tonaljs/voice-leading/-/voice-leading-5.0.3.tgz",
      "integrity": "sha512-SFG0YPnuTyyW2tb5bKe2+InJGDb7SGGsfjIxIiIm+B3lhCuQKL9ugOUUgD47uUO3ppidGkbbLZhDABKbLmkvWg==",
      "dependencies": {
        "@tonaljs/note": "4.10.3"
      }
    },
    "node_modules/@tonaljs/voicing": {
      "version": "5.0.3",
      "resolved": "https://registry.npmjs.org/@tonaljs/voicing/-/voicing-5.0.3.tgz",
      "integrity": "sha512-bPE7A086gYlw/Bbbf+XblBtK5pt9bZ3k1sAABZwdaumi7a+8oifHMouaZl2AP3PEYuMkF/80SXDeyC2MvawMKA==",
      "dependencies": {
        "@tonaljs/chord": "6.0.0",
        "@tonaljs/interval": "5.0.0",
        "@tonaljs/note": "4.10.3",
        "@tonaljs/range": "4.8.4",
        "@tonaljs/voice-leading": "5.0.3",
        "@tonaljs/voicing-dictionary": "5.0.3"
      }
    },
    "node_modules/@tonaljs/voicing-dictionary": {
      "version": "5.0.3",
      "resolved": "https://registry.npmjs.org/@tonaljs/voicing-dictionary/-/voicing-dictionary-5.0.3.tgz",
      "integrity": "sha512-mXg1+9fbMxv/3SZLUss5FIPyAnV5aRognE/suV2FXb3cf+20PjyNGGlRN60w5SBbNZfzj+GPf8DeIwob+RbV8w==",
      "dependencies": {
        "@tonaljs/chord": "6.0.0",
        "@tonaljs/note": "4.10.3",
        "@tonaljs/voice-leading": "5.0.3"
      }
    },
    "node_modules/argparse": {
      "version": "1.0.10",
      "resolved": "https://registry.npmjs.org/argparse/-/argparse-1.0.10.tgz",
      "integrity": "sha512-o5Roy6tNG4SL/FOkCAN6RzjiakZS25RLYFrcMttJqbdd8BWrnA+fGz57iN5Pb06pvBGvl5gQ0B48dJlslXvoTg==",
      "dependencies": {
        "sprintf-js": "~1.0.2"
      }
    },
    "node_modules/commander": {
      "version": "12.1.0",
      "resolved": "https://registry.npmjs.org/commander/-/commander-12.1.0.tgz",
      "integrity": "sha512-Vw8qHK3bZM9y/P10u3Vib8o/DdkvA2OtPtZvD871QKjy74Wj1WSKFILMPRPSdUSx5RFK1arlJzEtA4PkFgnbuA==",
      "engines": {
        "node": ">=18"
      }
    },
    "node_modules/esprima": {
      "version": "4.0.1",
      "resolved": "https://registry.npmjs.org/esprima/-/esprima-4.0.1.tgz",
      "integrity": "sha512-eGuFFw7Upda+g4p+QHvnW0RyTX/SVeJBDM/gCtMARO0cLuT2HcEKnTPvhjV6aGeqrCB/sbNop0Kszm0jsaWU4A==",
      "bin": {
        "esparse": "bin/esparse.js",
        "esvalidate": "bin/esvalidate.js"
      },
      "engines": {
        "node": ">=4"
      }
    },
    "node_modules/js-yaml": {
      "version": "3.14.1",
      "resolved": "https://registry.npmjs.org/js-yaml/-/js-yaml-3.14.1.tgz",
      "integrity": "sha512-okMH7OXXJ7YrN9Ok3/SXrnu4iX9yOk+25nqX4imS2npuvTYDmo/QEZoqwZkYaIDk3jVvBOTOIEgEhaLOynBS9g==",
      "dependencies": {
        "argparse": "^1.0.7",
        "esprima": "^4.0.0"
      },
      "bin": {
        "js-yaml": "bin/js-yaml.js"
      }
    },
    "node_modules/midi-parser-js": {
      "version": "4.0.4",
      "resolved": "https://registry.npmjs.org/midi-parser-js/-/midi-parser-js-4.0.4.tgz",
      "integrity": "sha512-yCCUNemjDET40SPslUbAyi7lClSS+ttcBAWNY337kJouRFsEtIql38Fp4p5xfODkltFvuqHJL9JytnZIrzpJbw=="
    },
    "node_modules/sprintf-js": {
      "version": "1.0.3",
      "resolved": "https://registry.npmjs.org/sprintf-js/-/sprintf-js-1.0.3.tgz",
      "integrity": "sha512-D9cPgkvLlV3t3IzL0D0YLvGA9Ahk4PcvVwUbN0dSGr1aP0Nrt4AEnTUbuGvquEC0mA64Gqt1fzirlRs5ibXx8g=="
    },
    "node_modules/tonal": {
      "version": "6.0.1",
      "resolved": "https://registry.npmjs.org/tonal/-/tonal-6.0.1.tgz",
      "integrity": "sha512-L0bxiINjnQ03+XqNWppQYYQwDXK/zd+WaschlG7OogtGiFWyp6oPkfgi9G2LJT++CflSM9W3X9qJAGVwHNHVsg==",
      "dependencies": {
        "@tonaljs/abc-notation": "4.8.3",
        "@tonaljs/array": "4.8.3",
        "@tonaljs/chord": "6.0.0",
        "@tonaljs/chord-type": "5.0.5",
        "@tonaljs/collection": "4.8.1",
        "@tonaljs/core": "5.0.0",
        "@tonaljs/duration-value": "4.8.1",
        "@tonaljs/interval": "5.0.0",
        "@tonaljs/key": "4.9.4",
        "@tonaljs/midi": "4.9.3",
        "@tonaljs/mode": "4.8.4",
        "@tonaljs/note": "4.10.3",
        "@tonaljs/pcset": "4.9.2",
        "@tonaljs/progression": "4.8.4",
        "@tonaljs/range": "4.8.4",
        "@tonaljs/roman-numeral": "4.8.3",
        "@tonaljs/scale": "4.12.6",
        "@tonaljs/scale-type": "4.8.5",
        "@tonaljs/time-signature": "4.8.1",
        "@tonaljs/voice-leading": "5.0.3",
        "@tonaljs/voicing": "5.0.3",
        "@tonaljs/voicing-dictionary": "5.0.3"
      }
    },
    "node_modules/xmlbuilder2": {
      "version": "3.1.1",
      "resolved": "https://registry.npmjs.org/xmlbuilder2/-/xmlbuilder2-3.1.1.tgz",
      "integrity": "sha512-WCSfbfZnQDdLQLiMdGUQpMxxckeQ4oZNMNhLVkcekTu7xhD4tuUDyAPoY8CwXvBYE6LwBHd6QW2WZXlOWr1vCw==",
      "dependencies": {
        "@oozcitak/dom": "1.15.10",
        "@oozcitak/infra": "1.0.8",
        "@oozcitak/util": "8.3.8",
        "js-yaml": "3.14.1"
      },
      "engines": {
        "node": ">=12.0"
      }
    }
  },
  "dependencies": {
    "@oozcitak/dom": {
      "version": "1.15.10",
      "resolved": "https://registry.npmjs.org/@oozcitak/dom/-/dom-1.15.10.tgz",
      "integrity": "sha512-0JT29/LaxVgRcGKvHmSrUTEvZ8BXvZhGl2LASRUgHqDTC1M5g1pLmVv56IYNyt3bG2CUjDkc67wnyZC14pbQrQ==",
      "requires": {
        "@oozcitak/infra": "1.0.8",
        "@oozcitak/url": "1.0.4",
        "@oozcitak/util": "8.3.8"
      }
    },
    "@oozcitak/infra": {
      "version": "1.0.8",
      "resolved": "https://registry.npmjs.org/@oozcitak/infra/-/infra-1.0.8.tgz",
      "integrity": "sha512-JRAUc9VR6IGHOL7OGF+yrvs0LO8SlqGnPAMqyzOuFZPSZSXI7Xf2O9+awQPSMXgIWGtgUf/dA6Hs6X6ySEaWTg==",
      "requires": {
        "@oozcitak/util": "8.3.8"
      }
    },
    "@oozcitak/url": {
      "version": "1.0.4",
      "resolved": "https://registry.npmjs.org/@oozcitak/url/-/url-1.0.4.tgz",
      "integrity": "sha512-kDcD8y+y3FCSOvnBI6HJgl00viO/nGbQoCINmQ0h98OhnGITrWR3bOGfwYCthgcrV8AnTJz8MzslTQbC3SOAmw==",
      "requires": {
        "@oozcitak/infra": "1.0.8",
        "@oozcitak/util": "8.3.8"
      }
    },
    "@oozcitak/util": {
      "version": "8.3.8",
      "resolved": "https://registry.npmjs.org/@oozcitak/util/-/util-8.3.8.tgz",
      "integrity": "sha512-T8TbSnGsxo6TDBJx/Sgv/BlVJL3tshxZP7Aq5R1mSnM5OcHY2dQaxLMu2+E8u3gN0MLOzdjurqN4ZRVuzQycOQ=="
    },
    "@tonaljs/abc-notation": {
      "version": "4.8.3",
      "resolved": "https://registry.npmjs.org/@tonaljs/abc-notation/-/abc-notation-4.8.3.tgz",
      "integrity": "sha512-ZN+wrlDdiFOLgbGcXiCcCd/ek8P42t7EMgjTA5yVTU8+WwtMSDPmZyNMvfETEVZoWvCOAOW9UVXemP9oFV9OxA==",
      "requires": {
        "@tonaljs/pitch-distance": "5.0.3",
        "@tonaljs/pitch-note": "6.0.0"
      }
    },
    "@tonaljs/array": {
      "version": "4.8.3",
      "resolved": "https://registry.npmjs.org/@tonaljs/array/-/array-4.8.3.tgz",
      "integrity": "sha512-TeX5vqk61EhlRAIo70d0hKt3a0FEcROsu9ETtTclXl+qaQ1QtEEs0M+B46IZ+sQo5T3s8vtz5z1yCiK26HPr5A==",
      "requires": {
        "@tonaljs/pitch-note": "6.0.0"
      }
    },
    "@tonaljs/chord": {
      "version": "6.0.0",
      "resolved": "https://registry.npmjs.org/@tonaljs/chord/-/chord-6.0.0.tgz",
      "integrity": "sha512-lWTSynCzPO5rV6CQUoM7b5DqmO0VYq3hEwSwo5d+tEdocYwUvfDbPl1JHq2un9f+5nEnNRkb8AfRsbi9wyVsIg==",
      "requires": {
        "@tonaljs/chord-detect": "4.8.5",
        "@tonaljs/chord-type": "5.0.5",
        "@tonaljs/collection": "4.8.1",
        "@tonaljs/interval": "^5.0.0",
        "@tonaljs/pcset": "4.9.2",
        "@tonaljs/pitch-distance": "5.0.3",
        "@tonaljs/pitch-note": "6.0.0",
        "@tonaljs/scale-type": "4.8.5"
      }
    },
    "@tonaljs/chord-detect": {
      "version": "4.8.5",
      "resolved": "https://registry.npmjs.org/@tonaljs/chord-detect/-/chord-detect-4.8.5.tgz",
      "integrity": "sha512-sH4WBP9wk70YcFAcb02vd6C5odRXj+aoIgf6WaHHFmp/8AH5aK+Vr3uLVavw7u/1mf0B4XK5hGdGEUuQynGTrw==",
      "requires": {
        "@tonaljs/chord-type": "5.0.5",
        "@tonaljs/core": "5.0.0",
        "@tonaljs/pcset": "4.9.2"
      }
    },
    "@tonaljs/chord-type": {
      "version": "5.0.5",
      "resolved": "https://registry.npmjs.org/@tonaljs/chord-type/-/chord-type-5.0.5.tgz",
      "integrity": "sha512-Rne/7YwXgPAQSt8DM6/yb61Hfp8stQR4SrhbePjzB/oVwVIzUL+uxH29uwd/KxDkIEITaHXS3v5ntRcVXCQYnA==",
      "requires": {
        "@tonaljs/core": "5.0.0",
        "@tonaljs/pcset": "4.9.2"
      }
    },
    "@tonaljs/collection": {
      "version": "4.8.1",
      "resolved": "https://registry.npmjs.org/@tonaljs/collection/-/collection-4.8.1.tgz",
      "integrity": "sha512-2TaiK9QEjOCkV7jW2B9uo5FPetNoiS9//nNPWXOWjB/E9KGd2SV1THEuxLx1Ew3uXUQpezup5adNljbZtOHbrA=="
    },
    "@tonaljs/core": {
      "version": "5.0.0",
      "resolved": "https://registry.npmjs.org/@tonaljs/core/-/core-5.0.0.tgz",
      "integrity": "sha512-vifjXX+xKidK+q1xGgcfGX79HtIMydXp1NrdGG5VshYHC3TRpVNti4HJDb/6qOjokQp9as/iOCyaAmcWIq0ZUA==",
      "requires": {
        "@tonaljs/pitch": "5.0.2",
        "@tonaljs/pitch-distance": "5.0.3",
        "@tonaljs/pitch-interval": "6.0.0",
        "@tonaljs/pitch-note": "6.0.0"
      }
    },
    "@tonaljs/duration-value": {
      "version": "4.8.1",
      "resolved": "https://registry.npmjs.org/@tonaljs/duration-value/-/duration-value-4.8.1.tgz",
      "integrity": "sha512-/jP8Q+z2h+2+IBeTsyF9KWedqu8Jffhvp17/H6pxUJ7b1U+HNdn5G7KfXbblEqhykYSKTSKK/m+86M7j4RnAgw=="
    },
    "@tonaljs/interval": {
      "version": "5.0.0",
      "resolved": "https://registry.npmjs.org/@tonaljs/interval/-/interval-5.0.0.tgz",
      "integrity": "sha512-WXmi0TdijggCzREc2B0RN3ZtgUQhu8E7DXVqL/lVLAZA8zaVfsFAv4k1NdXr7bkmcCM4yzhXeGzBo8L2QJR1SA==",
      "requires": {
        "@tonaljs/pitch": "^5.0.2",
        "@tonaljs/pitch-distance": "^5.0.3",
        "@tonaljs/pitch-interval": "^6.0.0"
      }
    },
    "@tonaljs/key": {
      "version": "4.9.4",
      "resolved": "https://registry.npmjs.org/@tonaljs/key/-/key-4.9.4.tgz",
      "integrity": "sha512-oq+C8AAmHJdkWs2Txq3ZR5koIeKYSNwQwR3G+Y1Bd+XbXvd/d9d7xJmzxUWY8fnFnvOve8FNShCvoWfnF62HtQ==",
      "requires": {
        "@tonaljs/core": "5.0.0",
        "@tonaljs/note": "4.10.3",
        "@tonaljs/roman-numeral": "4.8.3"
      }
    },
    "@tonaljs/midi": {
      "version": "4.9.3",
      "resolved": "https://registry.npmjs.org/@tonaljs/midi/-/midi-4.9.3.tgz",
      "integrity": "sha512-sz6XrX6qoYSW3yDpR0K5JhYpsvlzrIJYFfRiOdf4kmnTPAewYyg7f8nLRMl502lBNCt80Bktx4mDHXaL6tWVKw==",
      "requires": {
        "@tonaljs/core": "5.0.0"
      }
    },
    "@tonaljs/mode": {
      "version": "4.8.4",
      "resolved": "https://registry.npmjs.org/@tonaljs/mode/-/mode-4.8.4.tgz",
      "integrity": "sha512-6416B8YgWj6hgWgHPsSvizCMoyWg66C/TlviSexQNnYjQHAlp0rAOcLTL3IskVrFNTgNMlNP1vcj+s1kt18LuQ==",
      "requires": {
        "@tonaljs/collection": "4.8.1",
        "@tonaljs/core": "5.0.0",
        "@tonaljs/interval": "5.0.0",
        "@tonaljs/pcset": "4.9.2",
        "@tonaljs/scale-type": "4.8.5"
      }
    },
    "@tonaljs/note": {
      "version": "4.10.3",
      "resolved": "https://registry.npmjs.org/@tonaljs/note/-/note-4.10.3.tgz",
      "integrity": "sha512-GvNILH91kkBV9ISAHK75gFkI8Jr0mvKRkO/wU1OhUAapnOrNzFS+EqxusKGc2Lz2MLIbVFRIBqWdyhxIwgpSCg==",
      "requires": {
        "@tonaljs/core": "5.0.0",
        "@tonaljs/midi": "4.9.3"
      }
    },
    "@tonaljs/pcset": {
      "version": "4.9.2",
      "resolved": "https://registry.npmjs.org/@tonaljs/pcset/-/pcset-4.9.2.tgz",
      "integrity": "sha512-s8enXa/nsFkJkz96VjcFu+fapEr69ENhr3yoHykPsU+0MlZ9aMWXilE97Ek3eHAX9gT55+mElEU7qGWkwdaU9w==",
      "requires": {
        "@tonaljs/collection": "4.8.1",
        "@tonaljs/core": "5.0.0"
      }
    },
    "@tonaljs/pitch": {
      "version": "5.0.2",
      "resolved": "https://registry.npmjs.org/@tonaljs/pitch/-/pitch-5.0.2.tgz",
      "integrity": "sha512-mxaXJPPe+LIJdjzpZEl8I8Wx3dEvlzkBbsr2Ltwc2dTAdnErAZ5R0TxVq2egF27lMvQN2QPQPWI9iDPPdVUmrg=="
    },
    "@tonaljs/pitch-distance": {
      "version": "5.0.3",
      "resolved": "https://registry.npmjs.org/@tonaljs/pitch-distance/-/pitch-distance-5.0.3.tgz",
      "integrity": "sha512-3sgU93gfNsMX1wAYXraYJyIJMIViXZRE1Fh/OXwbUi6lEX/iLRmFVSz37ObnaRaOz0pVm+uUhvW2iKy8QtOWpw==",
      "requires": {
        "@tonaljs/pitch": "5.0.2",
        "@tonaljs/pitch-interval": "6.0.0",
        "@tonaljs/pitch-note": "6.0.0"
      }
    },
    "@tonaljs/pitch-interval": {
      "version": "6.0.0",
      "resolved": "https://registry.npmjs.org/@tonaljs/pitch-interval/-/pitch-interval-6.0.0.tgz",
      "integrity": "sha512-0iaFWbgshYWjfmdxzF8jNmTqsNK2krwn+FqDRZb8vEsfaSNC8Jek0f5wYcE2to+7f0P5jJlJnj8CUGvlfKIT5A==",
      "requires": {
        "@tonaljs/pitch": "5.0.2"
      }
    },
    "@tonaljs/pitch-note": {
      "version": "6.0.0",
      "resolved": "https://registry.npmjs.org/@tonaljs/pitch-note/-/pitch-note-6.0.0.tgz",
      "integrity": "sha512-m4Ei7zwSsKwotVfnodA7m1SR7zD5NNIea+V7Mo35EcK32ZJBg+SvxdwgfNNdLO8bkDbVrZIgVYqeP3R3Jq7VFQ==",
      "requires": {
        "@tonaljs/pitch": "5.0.2"
      }
    },
    "@tonaljs/progression": {
      "version": "4.8.4",
      "resolved": "https://registry.npmjs.org/@tonaljs/progression/-/progression-4.8.4.tgz",
      "integrity": "sha512-cybCQ3szoozZW5v8jydRxdmDCGiZ2sE8qEnqbNz7+RY7WtZCXbK8MAFjPq2M5NGxIwnw94sbM7RV7d6f5W7+nA==",
      "requires": {
        "@tonaljs/chord": "6.0.0",
        "@tonaljs/core": "5.0.0",
        "@tonaljs/roman-numeral": "4.8.3"
      }
    },
    "@tonaljs/range": {
      "version": "4.8.4",
      "resolved": "https://registry.npmjs.org/@tonaljs/range/-/range-4.8.4.tgz",
      "integrity": "sha512-ASB+i34Z5cXnBntaZOlmgZTfiLdKpMjSCL0ohE4ebZBTbTkuZWMKUucMxe2xpNKNBByPKVmeocv/Wpr8GNzU1Q==",
      "requires": {
        "@tonaljs/collection": "4.8.1",
        "@tonaljs/midi": "4.9.3"
      }
    },
    "@tonaljs/roman-numeral": {
      "version": "4.8.3",
      "resolved": "https://registry.npmjs.org/@tonaljs/roman-numeral/-/roman-numeral-4.8.3.tgz",
      "integrity": "sha512-U3LnDSVSngWiHEECPAWCvOlqZC0vt8IL/IoXSKXpt9YfW9NYRUlejoQack1NM9M80P8fCBnJQ7Uz3x8mC1eRow==",
      "requires": {
        "@tonaljs/core": "5.0.0"
      }
    },
    "@tonaljs/scale": {
      "version": "4.12.6",
      "resolved": "https://registry.npmjs.org/@tonaljs/scale/-/scale-4.12.6.tgz",
      "integrity": "sha512-nWDGNfx+rJuF+FFXbvWvtv7vApHpAlLkpke8C7TTM4lEw+fQXdi0cQaNQDS0QmIReeGSThe9CMxRL8+niabFKQ==",
      "requires": {
        "@tonaljs/chord-type": "5.0.5",
        "@tonaljs/collection": "4.8.1",
        "@tonaljs/core": "5.0.0",
        "@tonaljs/note": "4.10.3",
        "@tonaljs/pcset": "4.9.2",
        "@tonaljs/scale-type": "4.8.5"
      }
    },
    "@tonaljs/scale-type": {
      "version": "4.8.5",
      "resolved": "https://registry.npmjs.org/@tonaljs/scale-type/-/scale-type-4.8.5.tgz",
      "integrity": "sha512-3DCo/r3QEalIDG7dSBgRFD90Tm22qXSHuz5pyDUMNZpQuodzxz1BvsXSkC3CMGchX4eoaSjtArfKIrz0oEJUhw==",
      "requires": {
        "@tonaljs/core": "5.0.0",
        "@tonaljs/pcset": "4.9.2"
      }
    },
    "@tonaljs/time-signature": {
      "version": "4.8.1",
      "resolved": "https://registry.npmjs.org/@tonaljs/time-signature/-/time-signature-4.8.1.tgz",
      "integrity": "sha512-P3h2S1M006LpmPkwuAVS/pP02Hns6pSzKP2ghyit4Lszj4ppwNwcyJ1hgT/TVkiwMbUVbNltTKDraonG+2Xe/g=="
    },
    "@tonaljs/voice-leading": {
      "version": "5.0.3",
      "resolved": "https://registry.npmjs.org/@tonaljs/voice-leading/-/voice-leading-5.0.3.tgz",
      "integrity": "sha512-SFG0YPnuTyyW2tb5bKe2+InJGDb7SGGsfjIxIiIm+B3lhCuQKL9ugOUUgD47uUO3ppidGkbbLZhDABKbLmkvWg==",
      "requires": {
        "@tonaljs/note": "4.10.3"
      }
    },
    "@tonaljs/voicing": {
      "version": "5.0.3",
      "resolved": "https://registry.npmjs.org/@tonaljs/voicing/-/voicing-5.0.3.tgz",
      "integrity": "sha512-bPE7A086gYlw/Bbbf+XblBtK5pt9bZ3k1sAABZwdaumi7a+8oifHMouaZl2AP3PEYuMkF/80SXDeyC2MvawMKA==",
      "requires": {
        "@tonaljs/chord": "6.0.0",
        "@tonaljs/interval": "5.0.0",
        "@tonaljs/note": "4.10.3",
        "@tonaljs/range": "4.8.4",
        "@tonaljs/voice-leading": "5.0.3",
        "@tonaljs/voicing-dictionary": "5.0.3"
      }
    },
    "@tonaljs/voicing-dictionary": {
      "version": "5.0.3",
      "resolved": "https://registry.npmjs.org/@tonaljs/voicing-dictionary/-/voicing-dictionary-5.0.3.tgz",
      "integrity": "sha512-mXg1+9fbMxv/3SZLUss5FIPyAnV5aRognE/suV2FXb3cf+20PjyNGGlRN60w5SBbNZfzj+GPf8DeIwob+RbV8w==",
      "requires": {
        "@tonaljs/chord": "6.0.0",
        "@tonaljs/note": "4.10.3",
        "@tonaljs/voice-leading": "5.0.3"
      }
    },
    "argparse": {
      "version": "1.0.10",
      "resolved": "https://registry.npmjs.org/argparse/-/argparse-1.0.10.tgz",
      "integrity": "sha512-o5Roy6tNG4SL/FOkCAN6RzjiakZS25RLYFrcMttJqbdd8BWrnA+fGz57iN5Pb06pvBGvl5gQ0B48dJlslXvoTg==",
      "requires": {
        "sprintf-js": "~1.0.2"
      }
    },
    "commander": {
      "version": "12.1.0",
      "resolved": "https://registry.npmjs.org/commander/-/commander-12.1.0.tgz",
      "integrity": "sha512-Vw8qHK3bZM9y/P10u3Vib8o/DdkvA2OtPtZvD871QKjy74Wj1WSKFILMPRPSdUSx5RFK1arlJzEtA4PkFgnbuA=="
    },
    "esprima": {
      "version": "4.0.1",
      "resolved": "https://registry.npmjs.org/esprima/-/esprima-4.0.1.tgz",
      "integrity": "sha512-eGuFFw7Upda+g4p+QHvnW0RyTX/SVeJBDM/gCtMARO0cLuT2HcEKnTPvhjV6aGeqrCB/sbNop0Kszm0jsaWU4A=="
    },
    "js-yaml": {
      "version": "3.14.1",
      "resolved": "https://registry.npmjs.org/js-yaml/-/js-yaml-3.14.1.tgz",
      "integrity": "sha512-okMH7OXXJ7YrN9Ok3/SXrnu4iX9yOk+25nqX4imS2npuvTYDmo/QEZoqwZkYaIDk3jVvBOTOIEgEhaLOynBS9g==",
      "requires": {
        "argparse": "^1.0.7",
        "esprima": "^4.0.0"
      }
    },
    "midi-parser-js": {
      "version": "4.0.4",
      "resolved": "https://registry.npmjs.org/midi-parser-js/-/midi-parser-js-4.0.4.tgz",
      "integrity": "sha512-yCCUNemjDET40SPslUbAyi7lClSS+ttcBAWNY337kJouRFsEtIql38Fp4p5xfODkltFvuqHJL9JytnZIrzpJbw=="
    },
    "sprintf-js": {
      "version": "1.0.3",
      "resolved": "https://registry.npmjs.org/sprintf-js/-/sprintf-js-1.0.3.tgz",
      "integrity": "sha512-D9cPgkvLlV3t3IzL0D0YLvGA9Ahk4PcvVwUbN0dSGr1aP0Nrt4AEnTUbuGvquEC0mA64Gqt1fzirlRs5ibXx8g=="
    },
    "tonal": {
      "version": "6.0.1",
      "resolved": "https://registry.npmjs.org/tonal/-/tonal-6.0.1.tgz",
      "integrity": "sha512-L0bxiINjnQ03+XqNWppQYYQwDXK/zd+WaschlG7OogtGiFWyp6oPkfgi9G2LJT++CflSM9W3X9qJAGVwHNHVsg==",
      "requires": {
        "@tonaljs/abc-notation": "4.8.3",
        "@tonaljs/array": "4.8.3",
        "@tonaljs/chord": "6.0.0",
        "@tonaljs/chord-type": "5.0.5",
        "@tonaljs/collection": "4.8.1",
        "@tonaljs/core": "5.0.0",
        "@tonaljs/duration-value": "4.8.1",
        "@tonaljs/interval": "5.0.0",
        "@tonaljs/key": "4.9.4",
        "@tonaljs/midi": "4.9.3",
        "@tonaljs/mode": "4.8.4",
        "@tonaljs/note": "4.10.3",
        "@tonaljs/pcset": "4.9.2",
        "@tonaljs/progression": "4.8.4",
        "@tonaljs/range": "4.8.4",
        "@tonaljs/roman-numeral": "4.8.3",
        "@tonaljs/scale": "4.12.6",
        "@tonaljs/scale-type": "4.8.5",
        "@tonaljs/time-signature": "4.8.1",
        "@tonaljs/voice-leading": "5.0.3",
        "@tonaljs/voicing": "5.0.3",
        "@tonaljs/voicing-dictionary": "5.0.3"
      }
    },
    "xmlbuilder2": {
      "version": "3.1.1",
      "resolved": "https://registry.npmjs.org/xmlbuilder2/-/xmlbuilder2-3.1.1.tgz",
      "integrity": "sha512-WCSfbfZnQDdLQLiMdGUQpMxxckeQ4oZNMNhLVkcekTu7xhD4tuUDyAPoY8CwXvBYE6LwBHd6QW2WZXlOWr1vCw==",
      "requires": {
        "@oozcitak/dom": "1.15.10",
        "@oozcitak/infra": "1.0.8",
        "@oozcitak/util": "8.3.8",
        "js-yaml": "3.14.1"
      }
    }
  }
}
